// !$*UTF8*$!
{
	archiveVersion = 1;
	classes = {
	};
	objectVersion = 56;
	objects = {

/* Begin PBXBuildFile section */
		023110F72A5404AE00D8D6EA /* MealCell.swift in Sources */ = {isa = PBXBuildFile; fileRef = 023110F62A5404AE00D8D6EA /* MealCell.swift */; };
		023110FD2A55F8B700D8D6EA /* MealInfo.swift in Sources */ = {isa = PBXBuildFile; fileRef = 023110FC2A55F8B700D8D6EA /* MealInfo.swift */; };
		023110FF2A589DFA00D8D6EA /* Extensions.swift in Sources */ = {isa = PBXBuildFile; fileRef = 023110FE2A589DFA00D8D6EA /* Extensions.swift */; };
		023111022A58BCA700D8D6EA /* StepCell.swift in Sources */ = {isa = PBXBuildFile; fileRef = 023111012A58BCA700D8D6EA /* StepCell.swift */; };
		0250D4BF2A53CCF800593DFD /* MealsDB_AppApp.swift in Sources */ = {isa = PBXBuildFile; fileRef = 0250D4BE2A53CCF800593DFD /* MealsDB_AppApp.swift */; };
		0250D4C12A53CCF800593DFD /* ContentView.swift in Sources */ = {isa = PBXBuildFile; fileRef = 0250D4C02A53CCF800593DFD /* ContentView.swift */; };
		0250D4C32A53CCF900593DFD /* Assets.xcassets in Resources */ = {isa = PBXBuildFile; fileRef = 0250D4C22A53CCF900593DFD /* Assets.xcassets */; };
		0250D4C62A53CCF900593DFD /* Preview Assets.xcassets in Resources */ = {isa = PBXBuildFile; fileRef = 0250D4C52A53CCF900593DFD /* Preview Assets.xcassets */; };
		0250D4CD2A53CD7600593DFD /* MealsListView.swift in Sources */ = {isa = PBXBuildFile; fileRef = 0250D4CC2A53CD7600593DFD /* MealsListView.swift */; };
		0250D4CF2A53CD8200593DFD /* MealsDetailView.swift in Sources */ = {isa = PBXBuildFile; fileRef = 0250D4CE2A53CD8200593DFD /* MealsDetailView.swift */; };
		0250D4D72A53E1D100593DFD /* MealModel.swift in Sources */ = {isa = PBXBuildFile; fileRef = 0250D4D62A53E1D100593DFD /* MealModel.swift */; };
		0250D4D92A53EB5A00593DFD /* Meal.swift in Sources */ = {isa = PBXBuildFile; fileRef = 0250D4D82A53EB5A00593DFD /* Meal.swift */; };
/* End PBXBuildFile section */

/* Begin PBXFileReference section */
		023110F62A5404AE00D8D6EA /* MealCell.swift */ = {isa = PBXFileReference; lastKnownFileType = sourcecode.swift; path = MealCell.swift; sourceTree = "<group>"; };
		023110FC2A55F8B700D8D6EA /* MealInfo.swift */ = {isa = PBXFileReference; lastKnownFileType = sourcecode.swift; path = MealInfo.swift; sourceTree = "<group>"; };
		023110FE2A589DFA00D8D6EA /* Extensions.swift */ = {isa = PBXFileReference; lastKnownFileType = sourcecode.swift; path = Extensions.swift; sourceTree = "<group>"; };
		023111012A58BCA700D8D6EA /* StepCell.swift */ = {isa = PBXFileReference; lastKnownFileType = sourcecode.swift; path = StepCell.swift; sourceTree = "<group>"; };
		0250D4BB2A53CCF800593DFD /* MealsDB-App.app */ = {isa = PBXFileReference; explicitFileType = wrapper.application; includeInIndex = 0; path = "MealsDB-App.app"; sourceTree = BUILT_PRODUCTS_DIR; };
		0250D4BE2A53CCF800593DFD /* MealsDB_AppApp.swift */ = {isa = PBXFileReference; lastKnownFileType = sourcecode.swift; path = MealsDB_AppApp.swift; sourceTree = "<group>"; };
		0250D4C02A53CCF800593DFD /* ContentView.swift */ = {isa = PBXFileReference; lastKnownFileType = sourcecode.swift; path = ContentView.swift; sourceTree = "<group>"; };
		0250D4C22A53CCF900593DFD /* Assets.xcassets */ = {isa = PBXFileReference; lastKnownFileType = folder.assetcatalog; path = Assets.xcassets; sourceTree = "<group>"; };
		0250D4C52A53CCF900593DFD /* Preview Assets.xcassets */ = {isa = PBXFileReference; lastKnownFileType = folder.assetcatalog; path = "Preview Assets.xcassets"; sourceTree = "<group>"; };
		0250D4CC2A53CD7600593DFD /* MealsListView.swift */ = {isa = PBXFileReference; lastKnownFileType = sourcecode.swift; path = MealsListView.swift; sourceTree = "<group>"; };
		0250D4CE2A53CD8200593DFD /* MealsDetailView.swift */ = {isa = PBXFileReference; lastKnownFileType = sourcecode.swift; path = MealsDetailView.swift; sourceTree = "<group>"; };
		0250D4D62A53E1D100593DFD /* MealModel.swift */ = {isa = PBXFileReference; lastKnownFileType = sourcecode.swift; path = MealModel.swift; sourceTree = "<group>"; };
		0250D4D82A53EB5A00593DFD /* Meal.swift */ = {isa = PBXFileReference; lastKnownFileType = sourcecode.swift; path = Meal.swift; sourceTree = "<group>"; };
/* End PBXFileReference section */

/* Begin PBXFrameworksBuildPhase section */
		0250D4B82A53CCF800593DFD /* Frameworks */ = {
			isa = PBXFrameworksBuildPhase;
			buildActionMask = 2147483647;
			files = (
			);
			runOnlyForDeploymentPostprocessing = 0;
		};
/* End PBXFrameworksBuildPhase section */

/* Begin PBXGroup section */
		023110FB2A55F8A900D8D6EA /* Objects */ = {
			isa = PBXGroup;
			children = (
				0250D4D82A53EB5A00593DFD /* Meal.swift */,
				023110FC2A55F8B700D8D6EA /* MealInfo.swift */,
			);
			path = Objects;
			sourceTree = "<group>";
		};
		023111002A58BC9B00D8D6EA /* Cells */ = {
			isa = PBXGroup;
			children = (
				023110F62A5404AE00D8D6EA /* MealCell.swift */,
				023111012A58BCA700D8D6EA /* StepCell.swift */,
			);
			path = Cells;
			sourceTree = "<group>";
		};
		0250D4B22A53CCF800593DFD = {
			isa = PBXGroup;
			children = (
				0250D4BD2A53CCF800593DFD /* MealsDB-App */,
				0250D4BC2A53CCF800593DFD /* Products */,
			);
			sourceTree = "<group>";
		};
		0250D4BC2A53CCF800593DFD /* Products */ = {
			isa = PBXGroup;
			children = (
				0250D4BB2A53CCF800593DFD /* MealsDB-App.app */,
			);
			name = Products;
			sourceTree = "<group>";
		};
		0250D4BD2A53CCF800593DFD /* MealsDB-App */ = {
			isa = PBXGroup;
			children = (
				0250D4BE2A53CCF800593DFD /* MealsDB_AppApp.swift */,
				0250D4D52A53E1AE00593DFD /* Models */,
				0250D4D02A53E17900593DFD /* Views */,
				0250D4C22A53CCF900593DFD /* Assets.xcassets */,
				0250D4C42A53CCF900593DFD /* Preview Content */,
			);
			path = "MealsDB-App";
			sourceTree = "<group>";
		};
		0250D4C42A53CCF900593DFD /* Preview Content */ = {
			isa = PBXGroup;
			children = (
				0250D4CC2A53CD7600593DFD /* MealsListView.swift */,
				0250D4C52A53CCF900593DFD /* Preview Assets.xcassets */,
			);
			path = "Preview Content";
			sourceTree = "<group>";
		};
		0250D4D02A53E17900593DFD /* Views */ = {
			isa = PBXGroup;
			children = (
				0250D4C02A53CCF800593DFD /* ContentView.swift */,
				0250D4CE2A53CD8200593DFD /* MealsDetailView.swift */,
			);
			path = Views;
			sourceTree = "<group>";
		};
		0250D4D52A53E1AE00593DFD /* Models */ = {
			isa = PBXGroup;
			children = (
				0250D4D62A53E1D100593DFD /* MealModel.swift */,
				023110FB2A55F8A900D8D6EA /* Objects */,
				023111002A58BC9B00D8D6EA /* Cells */,
				023110FE2A589DFA00D8D6EA /* Extensions.swift */,
			);
			path = Models;
			sourceTree = "<group>";
		};
/* End PBXGroup section */

/* Begin PBXNativeTarget section */
		0250D4BA2A53CCF800593DFD /* MealsDB-App */ = {
			isa = PBXNativeTarget;
			buildConfigurationList = 0250D4C92A53CCF900593DFD /* Build configuration list for PBXNativeTarget "MealsDB-App" */;
			buildPhases = (
				0250D4B72A53CCF800593DFD /* Sources */,
				0250D4B82A53CCF800593DFD /* Frameworks */,
				0250D4B92A53CCF800593DFD /* Resources */,
			);
			buildRules = (
			);
			dependencies = (
			);
			name = "MealsDB-App";
			productName = "MealsDB-App";
			productReference = 0250D4BB2A53CCF800593DFD /* MealsDB-App.app */;
			productType = "com.apple.product-type.application";
		};
/* End PBXNativeTarget section */

/* Begin PBXProject section */
		0250D4B32A53CCF800593DFD /* Project object */ = {
			isa = PBXProject;
			attributes = {
				BuildIndependentTargetsInParallel = 1;
				LastSwiftUpdateCheck = 1430;
				LastUpgradeCheck = 1430;
				TargetAttributes = {
					0250D4BA2A53CCF800593DFD = {
						CreatedOnToolsVersion = 14.3.1;
					};
				};
			};
			buildConfigurationList = 0250D4B62A53CCF800593DFD /* Build configuration list for PBXProject "MealsDB-App" */;
			compatibilityVersion = "Xcode 14.0";
			developmentRegion = en;
			hasScannedForEncodings = 0;
			knownRegions = (
				en,
				Base,
			);
			mainGroup = 0250D4B22A53CCF800593DFD;
			productRefGroup = 0250D4BC2A53CCF800593DFD /* Products */;
			projectDirPath = "";
			projectRoot = "";
			targets = (
				0250D4BA2A53CCF800593DFD /* MealsDB-App */,
			);
		};
/* End PBXProject section */

/* Begin PBXResourcesBuildPhase section */
		0250D4B92A53CCF800593DFD /* Resources */ = {
			isa = PBXResourcesBuildPhase;
			buildActionMask = 2147483647;
			files = (
				0250D4C62A53CCF900593DFD /* Preview Assets.xcassets in Resources */,
				0250D4C32A53CCF900593DFD /* Assets.xcassets in Resources */,
			);
			runOnlyForDeploymentPostprocessing = 0;
		};
/* End PBXResourcesBuildPhase section */

/* Begin PBXSourcesBuildPhase section */
		0250D4B72A53CCF800593DFD /* Sources */ = {
			isa = PBXSourcesBuildPhase;
			buildActionMask = 2147483647;
			files = (
				0250D4CF2A53CD8200593DFD /* MealsDetailView.swift in Sources */,
				023110FF2A589DFA00D8D6EA /* Extensions.swift in Sources */,
				0250D4C12A53CCF800593DFD /* ContentView.swift in Sources */,
				0250D4CD2A53CD7600593DFD /* MealsListView.swift in Sources */,
				023110F72A5404AE00D8D6EA /* MealCell.swift in Sources */,
				023110FD2A55F8B700D8D6EA /* MealInfo.swift in Sources */,
				0250D4BF2A53CCF800593DFD /* MealsDB_AppApp.swift in Sources */,
				0250D4D92A53EB5A00593DFD /* Meal.swift in Sources */,
				0250D4D72A53E1D100593DFD /* MealModel.swift in Sources */,
				023111022A58BCA700D8D6EA /* StepCell.swift in Sources */,
			);
			runOnlyForDeploymentPostprocessing = 0;
		};
/* End PBXSourcesBuildPhase section */

/* Begin XCBuildConfiguration section */
		0250D4C72A53CCF900593DFD /* Debug */ = {
			isa = XCBuildConfiguration;
			buildSettings = {
				ALWAYS_SEARCH_USER_PATHS = NO;
				CLANG_ANALYZER_NONNULL = YES;
				CLANG_ANALYZER_NUMBER_OBJECT_CONVERSION = YES_AGGRESSIVE;
				CLANG_CXX_LANGUAGE_STANDARD = "gnu++20";
				CLANG_ENABLE_MODULES = YES;
				CLANG_ENABLE_OBJC_ARC = YES;
				CLANG_ENABLE_OBJC_WEAK = YES;
				CLANG_WARN_BLOCK_CAPTURE_AUTORELEASING = YES;
				CLANG_WARN_BOOL_CONVERSION = YES;
				CLANG_WARN_COMMA = YES;
				CLANG_WARN_CONSTANT_CONVERSION = YES;
				CLANG_WARN_DEPRECATED_OBJC_IMPLEMENTATIONS = YES;
				CLANG_WARN_DIRECT_OBJC_ISA_USAGE = YES_ERROR;
				CLANG_WARN_DOCUMENTATION_COMMENTS = YES;
				CLANG_WARN_EMPTY_BODY = YES;
				CLANG_WARN_ENUM_CONVERSION = YES;
				CLANG_WARN_INFINITE_RECURSION = YES;
				CLANG_WARN_INT_CONVERSION = YES;
				CLANG_WARN_NON_LITERAL_NULL_CONVERSION = YES;
				CLANG_WARN_OBJC_IMPLICIT_RETAIN_SELF = YES;
				CLANG_WARN_OBJC_LITERAL_CONVERSION = YES;
				CLANG_WARN_OBJC_ROOT_CLASS = YES_ERROR;
				CLANG_WARN_QUOTED_INCLUDE_IN_FRAMEWORK_HEADER = YES;
				CLANG_WARN_RANGE_LOOP_ANALYSIS = YES;
				CLANG_WARN_STRICT_PROTOTYPES = YES;
				CLANG_WARN_SUSPICIOUS_MOVE = YES;
				CLANG_WARN_UNGUARDED_AVAILABILITY = YES_AGGRESSIVE;
				CLANG_WARN_UNREACHABLE_CODE = YES;
				CLANG_WARN__DUPLICATE_METHOD_MATCH = YES;
				COPY_PHASE_STRIP = NO;
				DEBUG_INFORMATION_FORMAT = dwarf;
				ENABLE_STRICT_OBJC_MSGSEND = YES;
				ENABLE_TESTABILITY = YES;
				GCC_C_LANGUAGE_STANDARD = gnu11;
				GCC_DYNAMIC_NO_PIC = NO;
				GCC_NO_COMMON_BLOCKS = YES;
				GCC_OPTIMIZATION_LEVEL = 0;
				GCC_PREPROCESSOR_DEFINITIONS = (
					"DEBUG=1",
					"$(inherited)",
				);
				GCC_WARN_64_TO_32_BIT_CONVERSION = YES;
				GCC_WARN_ABOUT_RETURN_TYPE = YES_ERROR;
				GCC_WARN_UNDECLARED_SELECTOR = YES;
				GCC_WARN_UNINITIALIZED_AUTOS = YES_AGGRESSIVE;
				GCC_WARN_UNUSED_FUNCTION = YES;
				GCC_WARN_UNUSED_VARIABLE = YES;
				IPHONEOS_DEPLOYMENT_TARGET = 16.4;
				MTL_ENABLE_DEBUG_INFO = INCLUDE_SOURCE;
				MTL_FAST_MATH = YES;
				ONLY_ACTIVE_ARCH = YES;
				SDKROOT = iphoneos;
				SWIFT_ACTIVE_COMPILATION_CONDITIONS = DEBUG;
				SWIFT_OPTIMIZATION_LEVEL = "-Onone";
			};
			name = Debug;
		};
		0250D4C82A53CCF900593DFD /* Release */ = {
			isa = XCBuildConfiguration;
			buildSettings = {
				ALWAYS_SEARCH_USER_PATHS = NO;
				CLANG_ANALYZER_NONNULL = YES;
				CLANG_ANALYZER_NUMBER_OBJECT_CONVERSION = YES_AGGRESSIVE;
				CLANG_CXX_LANGUAGE_STANDARD = "gnu++20";
				CLANG_ENABLE_MODULES = YES;
				CLANG_ENABLE_OBJC_ARC = YES;
				CLANG_ENABLE_OBJC_WEAK = YES;
				CLANG_WARN_BLOCK_CAPTURE_AUTORELEASING = YES;
				CLANG_WARN_BOOL_CONVERSION = YES;
				CLANG_WARN_COMMA = YES;
				CLANG_WARN_CONSTANT_CONVERSION = YES;
				CLANG_WARN_DEPRECATED_OBJC_IMPLEMENTATIONS = YES;
				CLANG_WARN_DIRECT_OBJC_ISA_USAGE = YES_ERROR;
				CLANG_WARN_DOCUMENTATION_COMMENTS = YES;
				CLANG_WARN_EMPTY_BODY = YES;
				CLANG_WARN_ENUM_CONVERSION = YES;
				CLANG_WARN_INFINITE_RECURSION = YES;
				CLANG_WARN_INT_CONVERSION = YES;
				CLANG_WARN_NON_LITERAL_NULL_CONVERSION = YES;
				CLANG_WARN_OBJC_IMPLICIT_RETAIN_SELF = YES;
				CLANG_WARN_OBJC_LITERAL_CONVERSION = YES;
				CLANG_WARN_OBJC_ROOT_CLASS = YES_ERROR;
				CLANG_WARN_QUOTED_INCLUDE_IN_FRAMEWORK_HEADER = YES;
				CLANG_WARN_RANGE_LOOP_ANALYSIS = YES;
				CLANG_WARN_STRICT_PROTOTYPES = YES;
				CLANG_WARN_SUSPICIOUS_MOVE = YES;
				CLANG_WARN_UNGUARDED_AVAILABILITY = YES_AGGRESSIVE;
				CLANG_WARN_UNREACHABLE_CODE = YES;
				CLANG_WARN__DUPLICATE_METHOD_MATCH = YES;
				COPY_PHASE_STRIP = NO;
				DEBUG_INFORMATION_FORMAT = "dwarf-with-dsym";
				ENABLE_NS_ASSERTIONS = NO;
				ENABLE_STRICT_OBJC_MSGSEND = YES;
				GCC_C_LANGUAGE_STANDARD = gnu11;
				GCC_NO_COMMON_BLOCKS = YES;
				GCC_WARN_64_TO_32_BIT_CONVERSION = YES;
				GCC_WARN_ABOUT_RETURN_TYPE = YES_ERROR;
				GCC_WARN_UNDECLARED_SELECTOR = YES;
				GCC_WARN_UNINITIALIZED_AUTOS = YES_AGGRESSIVE;
				GCC_WARN_UNUSED_FUNCTION = YES;
				GCC_WARN_UNUSED_VARIABLE = YES;
				IPHONEOS_DEPLOYMENT_TARGET = 16.4;
				MTL_ENABLE_DEBUG_INFO = NO;
				MTL_FAST_MATH = YES;
				SDKROOT = iphoneos;
				SWIFT_COMPILATION_MODE = wholemodule;
				SWIFT_OPTIMIZATION_LEVEL = "-O";
				VALIDATE_PRODUCT = YES;
			};
			name = Release;
		};
		0250D4CA2A53CCF900593DFD /* Debug */ = {
			isa = XCBuildConfiguration;
			buildSettings = {
				ASSETCATALOG_COMPILER_APPICON_NAME = AppIcon;
				ASSETCATALOG_COMPILER_GLOBAL_ACCENT_COLOR_NAME = AccentColor;
				CODE_SIGN_STYLE = Automatic;
				CURRENT_PROJECT_VERSION = 1;
				DEVELOPMENT_ASSET_PATHS = "\"MealsDB-App/Preview Content\"";
				DEVELOPMENT_TEAM = 7UHNX49SSD;
				ENABLE_PREVIEWS = YES;
				GENERATE_INFOPLIST_FILE = YES;
				INFOPLIST_KEY_UIApplicationSceneManifest_Generation = YES;
				INFOPLIST_KEY_UIApplicationSupportsIndirectInputEvents = YES;
				INFOPLIST_KEY_UILaunchScreen_Generation = YES;
				INFOPLIST_KEY_UISupportedInterfaceOrientations_iPad = "UIInterfaceOrientationPortrait UIInterfaceOrientationPortraitUpsideDown UIInterfaceOrientationLandscapeLeft UIInterfaceOrientationLandscapeRight";
				INFOPLIST_KEY_UISupportedInterfaceOrientations_iPhone = "UIInterfaceOrientationPortrait UIInterfaceOrientationLandscapeLeft UIInterfaceOrientationLandscapeRight";
				LD_RUNPATH_SEARCH_PATHS = (
					"$(inherited)",
					"@executable_path/Frameworks",
				);
				MARKETING_VERSION = 1.0;
				PRODUCT_BUNDLE_IDENTIFIER = "com.jkozar.MealsDB-App";
				PRODUCT_NAME = "$(TARGET_NAME)";
				SWIFT_EMIT_LOC_STRINGS = YES;
				SWIFT_VERSION = 5.0;
				TARGETED_DEVICE_FAMILY = "1,2";
			};
			name = Debug;
		};
		0250D4CB2A53CCF900593DFD /* Release */ = {
			isa = XCBuildConfiguration;
			buildSettings = {
				ASSETCATALOG_COMPILER_APPICON_NAME = AppIcon;
				ASSETCATALOG_COMPILER_GLOBAL_ACCENT_COLOR_NAME = AccentColor;
				CODE_SIGN_STYLE = Automatic;
				CURRENT_PROJECT_VERSION = 1;
				DEVELOPMENT_ASSET_PATHS = "\"MealsDB-App/Preview Content\"";
				DEVELOPMENT_TEAM = 7UHNX49SSD;
				ENABLE_PREVIEWS = YES;
				GENERATE_INFOPLIST_FILE = YES;
				INFOPLIST_KEY_UIApplicationSceneManifest_Generation = YES;
				INFOPLIST_KEY_UIApplicationSupportsIndirectInputEvents = YES;
				INFOPLIST_KEY_UILaunchScreen_Generation = YES;
				INFOPLIST_KEY_UISupportedInterfaceOrientations_iPad = "UIInterfaceOrientationPortrait UIInterfaceOrientationPortraitUpsideDown UIInterfaceOrientationLandscapeLeft UIInterfaceOrientationLandscapeRight";
				INFOPLIST_KEY_UISupportedInterfaceOrientations_iPhone = "UIInterfaceOrientationPortrait UIInterfaceOrientationLandscapeLeft UIInterfaceOrientationLandscapeRight";
				LD_RUNPATH_SEARCH_PATHS = (
					"$(inherited)",
					"@executable_path/Frameworks",
				);
				MARKETING_VERSION = 1.0;
				PRODUCT_BUNDLE_IDENTIFIER = "com.jkozar.MealsDB-App";
				PRODUCT_NAME = "$(TARGET_NAME)";
				SWIFT_EMIT_LOC_STRINGS = YES;
				SWIFT_VERSION = 5.0;
				TARGETED_DEVICE_FAMILY = "1,2";
			};
			name = Release;
		};
/* End XCBuildConfiguration section */

/* Begin XCConfigurationList section */
		0250D4B62A53CCF800593DFD /* Build configuration list for PBXProject "MealsDB-App" */ = {
			isa = XCConfigurationList;
			buildConfigurations = (
				0250D4C72A53CCF900593DFD /* Debug */,
				0250D4C82A53CCF900593DFD /* Release */,
			);
			defaultConfigurationIsVisible = 0;
			defaultConfigurationName = Release;
		};
		0250D4C92A53CCF900593DFD /* Build configuration list for PBXNativeTarget "MealsDB-App" */ = {
			isa = XCConfigurationList;
			buildConfigurations = (
				0250D4CA2A53CCF900593DFD /* Debug */,
				0250D4CB2A53CCF900593DFD /* Release */,
			);
			defaultConfigurationIsVisible = 0;
			defaultConfigurationName = Release;
		};
/* End XCConfigurationList section */
	};
	rootObject = 0250D4B32A53CCF800593DFD /* Project object */;
}
